
Microsoft Visual Studio Solution File, Format Version 11.00
# Visual Studio 2010
Project("{FAE04EC0-301F-11D3-BF4B-00C04F79EFBC}") = "PlayMaker", "Assembly-CSharp-firstpass.csproj", "{34872183-4AE3-EC37-1152-681574302710}"
EndProject
Project("{FAE04EC0-301F-11D3-BF4B-00C04F79EFBC}") = "PlayMaker", "Assembly-CSharp.csproj", "{2436F46C-7BEB-2050-5780-B6D7E48528C6}"
EndProject
Project("{FAE04EC0-301F-11D3-BF4B-00C04F79EFBC}") = "PlayMaker", "Assembly-CSharp-Editor.csproj", "{33B501B7-FD3B-0192-5442-31F67A07808F}"
EndProject
Global
	GlobalSection(SolutionConfigurationPlatforms) = preSolution
		Debug|Any CPU = Debug|Any CPU
		Release|Any CPU = Release|Any CPU
	EndGlobalSection
	GlobalSection(ProjectConfigurationPlatforms) = postSolution
		{34872183-4AE3-EC37-1152-681574302710}.Debug|Any CPU.ActiveCfg = Debug|Any CPU
		{34872183-4AE3-EC37-1152-681574302710}.Debug|Any CPU.Build.0 = Debug|Any CPU
		{34872183-4AE3-EC37-1152-681574302710}.Release|Any CPU.ActiveCfg = Release|Any CPU
		{34872183-4AE3-EC37-1152-681574302710}.Release|Any CPU.Build.0 = Release|Any CPU
		{2436F46C-7BEB-2050-5780-B6D7E48528C6}.Debug|Any CPU.ActiveCfg = Debug|Any CPU
		{2436F46C-7BEB-2050-5780-B6D7E48528C6}.Debug|Any CPU.Build.0 = Debug|Any CPU
		{2436F46C-7BEB-2050-5780-B6D7E48528C6}.Release|Any CPU.ActiveCfg = Release|Any CPU
		{2436F46C-7BEB-2050-5780-B6D7E48528C6}.Release|Any CPU.Build.0 = Release|Any CPU
		{33B501B7-FD3B-0192-5442-31F67A07808F}.Debug|Any CPU.ActiveCfg = Debug|Any CPU
		{33B501B7-FD3B-0192-5442-31F67A07808F}.Debug|Any CPU.Build.0 = Debug|Any CPU
		{33B501B7-FD3B-0192-5442-31F67A07808F}.Release|Any CPU.ActiveCfg = Release|Any CPU
		{33B501B7-FD3B-0192-5442-31F67A07808F}.Release|Any CPU.Build.0 = Release|Any CPU
	EndGlobalSection
	GlobalSection(SolutionProperties) = preSolution
		HideSolutionNode = FALSE
	EndGlobalSection
	GlobalSection(MonoDevelopProperties) = preSolution
		StartupItem = Assembly-CSharp.csproj
	EndGlobalSection
EndGlobal
